
Microsoft Visual Studio Solution File, Format Version 12.00
# Visual Studio Version 17
VisualStudioVersion = 17.8.34322.80
MinimumVisualStudioVersion = 10.0.40219.1
Project("{FAE04EC0-301F-11D3-BF4B-00C04F79EFBC}") = "Talabat.API", "Talabat.API\Talabat.API.csproj", "{80463544-E295-47B6-9605-4643F3C726AA}"
EndProject
Project("{FAE04EC0-301F-11D3-BF4B-00C04F79EFBC}") = "Talabat.Core", "Talabat.Core\Talabat.Core.csproj", "{EAC0F391-F633-44C7-A611-3CF2D4B72386}"
EndProject
Project("{FAE04EC0-301F-11D3-BF4B-00C04F79EFBC}") = "Talabat.Repository", "Talabat.Repository\Talabat.Repository.csproj", "{179AEE59-4778-4C39-B5AD-03D4AF4334D4}"
EndProject
Project("{FAE04EC0-301F-11D3-BF4B-00C04F79EFBC}") = "Talabat.Service", "Talabat.Service\Talabat.Service.csproj", "{61BE5255-A651-4C98-96BF-981556D0FB8A}"
EndProject
Global
	GlobalSection(SolutionConfigurationPlatforms) = preSolution
		Debug|Any CPU = Debug|Any CPU
		Release|Any CPU = Release|Any CPU
	EndGlobalSection
	GlobalSection(ProjectConfigurationPlatforms) = postSolution
		{80463544-E295-47B6-9605-4643F3C726AA}.Debug|Any CPU.ActiveCfg = Debug|Any CPU
		{80463544-E295-47B6-9605-4643F3C726AA}.Debug|Any CPU.Build.0 = Debug|Any CPU
		{80463544-E295-47B6-9605-4643F3C726AA}.Release|Any CPU.ActiveCfg = Release|Any CPU
		{80463544-E295-47B6-9605-4643F3C726AA}.Release|Any CPU.Build.0 = Release|Any CPU
		{EAC0F391-F633-44C7-A611-3CF2D4B72386}.Debug|Any CPU.ActiveCfg = Debug|Any CPU
		{EAC0F391-F633-44C7-A611-3CF2D4B72386}.Debug|Any CPU.Build.0 = Debug|Any CPU
		{EAC0F391-F633-44C7-A611-3CF2D4B72386}.Release|Any CPU.ActiveCfg = Release|Any CPU
		{EAC0F391-F633-44C7-A611-3CF2D4B72386}.Release|Any CPU.Build.0 = Release|Any CPU
		{179AEE59-4778-4C39-B5AD-03D4AF4334D4}.Debug|Any CPU.ActiveCfg = Debug|Any CPU
		{179AEE59-4778-4C39-B5AD-03D4AF4334D4}.Debug|Any CPU.Build.0 = Debug|Any CPU
		{179AEE59-4778-4C39-B5AD-03D4AF4334D4}.Release|Any CPU.ActiveCfg = Release|Any CPU
		{179AEE59-4778-4C39-B5AD-03D4AF4334D4}.Release|Any CPU.Build.0 = Release|Any CPU
		{61BE5255-A651-4C98-96BF-981556D0FB8A}.Debug|Any CPU.ActiveCfg = Debug|Any CPU
		{61BE5255-A651-4C98-96BF-981556D0FB8A}.Debug|Any CPU.Build.0 = Debug|Any CPU
		{61BE5255-A651-4C98-96BF-981556D0FB8A}.Release|Any CPU.ActiveCfg = Release|Any CPU
		{61BE5255-A651-4C98-96BF-981556D0FB8A}.Release|Any CPU.Build.0 = Release|Any CPU
	EndGlobalSection
	GlobalSection(SolutionProperties) = preSolution
		HideSolutionNode = FALSE
	EndGlobalSection
	GlobalSection(ExtensibilityGlobals) = postSolution
		SolutionGuid = {19B09F55-4290-484B-8390-744455817DB8}
	EndGlobalSection
EndGlobal
